
Microsoft Visual Studio Solution File, Format Version 12.00
# Visual Studio Version 16
VisualStudioVersion = 16.0.31702.278
MinimumVisualStudioVersion = 10.0.40219.1
Project("{9A19103F-16F7-4668-BE54-9A1E7A4F7556}") = "Pharmacy.Domain", "Pharmacy.Domain\Pharmacy.Domain.csproj", "{4726AE57-F9E0-46E1-9337-176132B5A300}"
EndProject
Project("{9A19103F-16F7-4668-BE54-9A1E7A4F7556}") = "Pharmacy.Infrastructure", "Pharmacy.Infrastructure\Pharmacy.Infrastructure.csproj", "{8288699E-FCF0-4626-9FBC-94D1ACDF3CA9}"
EndProject
Project("{FAE04EC0-301F-11D3-BF4B-00C04F79EFBC}") = "Pharmacy.UWP", "Pharmacy.UWP\Pharmacy.UWP.csproj", "{6337D1E2-B505-4FC5-ABA5-926AF192CA19}"
	ProjectSection(ProjectDependencies) = postProject
		{4726AE57-F9E0-46E1-9337-176132B5A300} = {4726AE57-F9E0-46E1-9337-176132B5A300}
		{8288699E-FCF0-4626-9FBC-94D1ACDF3CA9} = {8288699E-FCF0-4626-9FBC-94D1ACDF3CA9}
	EndProjectSection
EndProject
Project("{9A19103F-16F7-4668-BE54-9A1E7A4F7556}") = "DbContextDummy", "DbContextDummy\DbContextDummy.csproj", "{383721A4-4717-4CDE-A7A5-4B33640F0717}"
	ProjectSection(ProjectDependencies) = postProject
		{4726AE57-F9E0-46E1-9337-176132B5A300} = {4726AE57-F9E0-46E1-9337-176132B5A300}
		{8288699E-FCF0-4626-9FBC-94D1ACDF3CA9} = {8288699E-FCF0-4626-9FBC-94D1ACDF3CA9}
	EndProjectSection
EndProject
Global
	GlobalSection(SolutionConfigurationPlatforms) = preSolution
		Debug|Any CPU = Debug|Any CPU
		Debug|ARM = Debug|ARM
		Debug|ARM64 = Debug|ARM64
		Debug|x64 = Debug|x64
		Debug|x86 = Debug|x86
		Release|Any CPU = Release|Any CPU
		Release|ARM = Release|ARM
		Release|ARM64 = Release|ARM64
		Release|x64 = Release|x64
		Release|x86 = Release|x86
	EndGlobalSection
	GlobalSection(ProjectConfigurationPlatforms) = postSolution
		{4726AE57-F9E0-46E1-9337-176132B5A300}.Debug|Any CPU.ActiveCfg = Debug|Any CPU
		{4726AE57-F9E0-46E1-9337-176132B5A300}.Debug|Any CPU.Build.0 = Debug|Any CPU
		{4726AE57-F9E0-46E1-9337-176132B5A300}.Debug|ARM.ActiveCfg = Debug|Any CPU
		{4726AE57-F9E0-46E1-9337-176132B5A300}.Debug|ARM.Build.0 = Debug|Any CPU
		{4726AE57-F9E0-46E1-9337-176132B5A300}.Debug|ARM64.ActiveCfg = Debug|Any CPU
		{4726AE57-F9E0-46E1-9337-176132B5A300}.Debug|ARM64.Build.0 = Debug|Any CPU
		{4726AE57-F9E0-46E1-9337-176132B5A300}.Debug|x64.ActiveCfg = Debug|Any CPU
		{4726AE57-F9E0-46E1-9337-176132B5A300}.Debug|x64.Build.0 = Debug|Any CPU
		{4726AE57-F9E0-46E1-9337-176132B5A300}.Debug|x86.ActiveCfg = Debug|Any CPU
		{4726AE57-F9E0-46E1-9337-176132B5A300}.Debug|x86.Build.0 = Debug|Any CPU
		{4726AE57-F9E0-46E1-9337-176132B5A300}.Release|Any CPU.ActiveCfg = Release|Any CPU
		{4726AE57-F9E0-46E1-9337-176132B5A300}.Release|Any CPU.Build.0 = Release|Any CPU
		{4726AE57-F9E0-46E1-9337-176132B5A300}.Release|ARM.ActiveCfg = Release|Any CPU
		{4726AE57-F9E0-46E1-9337-176132B5A300}.Release|ARM.Build.0 = Release|Any CPU
		{4726AE57-F9E0-46E1-9337-176132B5A300}.Release|ARM64.ActiveCfg = Release|Any CPU
		{4726AE57-F9E0-46E1-9337-176132B5A300}.Release|ARM64.Build.0 = Release|Any CPU
		{4726AE57-F9E0-46E1-9337-176132B5A300}.Release|x64.ActiveCfg = Release|Any CPU
		{4726AE57-F9E0-46E1-9337-176132B5A300}.Release|x64.Build.0 = Release|Any CPU
		{4726AE57-F9E0-46E1-9337-176132B5A300}.Release|x86.ActiveCfg = Release|Any CPU
		{4726AE57-F9E0-46E1-9337-176132B5A300}.Release|x86.Build.0 = Release|Any CPU
		{8288699E-FCF0-4626-9FBC-94D1ACDF3CA9}.Debug|Any CPU.ActiveCfg = Debug|Any CPU
		{8288699E-FCF0-4626-9FBC-94D1ACDF3CA9}.Debug|Any CPU.Build.0 = Debug|Any CPU
		{8288699E-FCF0-4626-9FBC-94D1ACDF3CA9}.Debug|ARM.ActiveCfg = Debug|Any CPU
		{8288699E-FCF0-4626-9FBC-94D1ACDF3CA9}.Debug|ARM.Build.0 = Debug|Any CPU
		{8288699E-FCF0-4626-9FBC-94D1ACDF3CA9}.Debug|ARM64.ActiveCfg = Debug|Any CPU
		{8288699E-FCF0-4626-9FBC-94D1ACDF3CA9}.Debug|ARM64.Build.0 = Debug|Any CPU
		{8288699E-FCF0-4626-9FBC-94D1ACDF3CA9}.Debug|x64.ActiveCfg = Debug|Any CPU
		{8288699E-FCF0-4626-9FBC-94D1ACDF3CA9}.Debug|x64.Build.0 = Debug|Any CPU
		{8288699E-FCF0-4626-9FBC-94D1ACDF3CA9}.Debug|x86.ActiveCfg = Debug|Any CPU
		{8288699E-FCF0-4626-9FBC-94D1ACDF3CA9}.Debug|x86.Build.0 = Debug|Any CPU
		{8288699E-FCF0-4626-9FBC-94D1ACDF3CA9}.Release|Any CPU.ActiveCfg = Release|Any CPU
		{8288699E-FCF0-4626-9FBC-94D1ACDF3CA9}.Release|Any CPU.Build.0 = Release|Any CPU
		{8288699E-FCF0-4626-9FBC-94D1ACDF3CA9}.Release|ARM.ActiveCfg = Release|Any CPU
		{8288699E-FCF0-4626-9FBC-94D1ACDF3CA9}.Release|ARM.Build.0 = Release|Any CPU
		{8288699E-FCF0-4626-9FBC-94D1ACDF3CA9}.Release|ARM64.ActiveCfg = Release|Any CPU
		{8288699E-FCF0-4626-9FBC-94D1ACDF3CA9}.Release|ARM64.Build.0 = Release|Any CPU
		{8288699E-FCF0-4626-9FBC-94D1ACDF3CA9}.Release|x64.ActiveCfg = Release|Any CPU
		{8288699E-FCF0-4626-9FBC-94D1ACDF3CA9}.Release|x64.Build.0 = Release|Any CPU
		{8288699E-FCF0-4626-9FBC-94D1ACDF3CA9}.Release|x86.ActiveCfg = Release|Any CPU
		{8288699E-FCF0-4626-9FBC-94D1ACDF3CA9}.Release|x86.Build.0 = Release|Any CPU
		{6337D1E2-B505-4FC5-ABA5-926AF192CA19}.Debug|Any CPU.ActiveCfg = Debug|x86
		{6337D1E2-B505-4FC5-ABA5-926AF192CA19}.Debug|Any CPU.Build.0 = Debug|x86
		{6337D1E2-B505-4FC5-ABA5-926AF192CA19}.Debug|Any CPU.Deploy.0 = Debug|x86
		{6337D1E2-B505-4FC5-ABA5-926AF192CA19}.Debug|ARM.ActiveCfg = Debug|ARM
		{6337D1E2-B505-4FC5-ABA5-926AF192CA19}.Debug|ARM.Build.0 = Debug|ARM
		{6337D1E2-B505-4FC5-ABA5-926AF192CA19}.Debug|ARM.Deploy.0 = Debug|ARM
		{6337D1E2-B505-4FC5-ABA5-926AF192CA19}.Debug|ARM64.ActiveCfg = Debug|ARM64
		{6337D1E2-B505-4FC5-ABA5-926AF192CA19}.Debug|ARM64.Build.0 = Debug|ARM64
		{6337D1E2-B505-4FC5-ABA5-926AF192CA19}.Debug|ARM64.Deploy.0 = Debug|ARM64
		{6337D1E2-B505-4FC5-ABA5-926AF192CA19}.Debug|x64.ActiveCfg = Debug|x64
		{6337D1E2-B505-4FC5-ABA5-926AF192CA19}.Debug|x64.Build.0 = Debug|x64
		{6337D1E2-B505-4FC5-ABA5-926AF192CA19}.Debug|x64.Deploy.0 = Debug|x64
		{6337D1E2-B505-4FC5-ABA5-926AF192CA19}.Debug|x86.ActiveCfg = Debug|x86
		{6337D1E2-B505-4FC5-ABA5-926AF192CA19}.Debug|x86.Build.0 = Debug|x86
		{6337D1E2-B505-4FC5-ABA5-926AF192CA19}.Debug|x86.Deploy.0 = Debug|x86
		{6337D1E2-B505-4FC5-ABA5-926AF192CA19}.Release|Any CPU.ActiveCfg = Release|x86
		{6337D1E2-B505-4FC5-ABA5-926AF192CA19}.Release|ARM.ActiveCfg = Release|ARM
		{6337D1E2-B505-4FC5-ABA5-926AF192CA19}.Release|ARM.Build.0 = Release|ARM
		{6337D1E2-B505-4FC5-ABA5-926AF192CA19}.Release|ARM.Deploy.0 = Release|ARM
		{6337D1E2-B505-4FC5-ABA5-926AF192CA19}.Release|ARM64.ActiveCfg = Release|ARM64
		{6337D1E2-B505-4FC5-ABA5-926AF192CA19}.Release|ARM64.Build.0 = Release|ARM64
		{6337D1E2-B505-4FC5-ABA5-926AF192CA19}.Release|ARM64.Deploy.0 = Release|ARM64
		{6337D1E2-B505-4FC5-ABA5-926AF192CA19}.Release|x64.ActiveCfg = Release|x64
		{6337D1E2-B505-4FC5-ABA5-926AF192CA19}.Release|x64.Build.0 = Release|x64
		{6337D1E2-B505-4FC5-ABA5-926AF192CA19}.Release|x64.Deploy.0 = Release|x64
		{6337D1E2-B505-4FC5-ABA5-926AF192CA19}.Release|x86.ActiveCfg = Release|x86
		{6337D1E2-B505-4FC5-ABA5-926AF192CA19}.Release|x86.Build.0 = Release|x86
		{6337D1E2-B505-4FC5-ABA5-926AF192CA19}.Release|x86.Deploy.0 = Release|x86
		{383721A4-4717-4CDE-A7A5-4B33640F0717}.Debug|Any CPU.ActiveCfg = Debug|Any CPU
		{383721A4-4717-4CDE-A7A5-4B33640F0717}.Debug|Any CPU.Build.0 = Debug|Any CPU
		{383721A4-4717-4CDE-A7A5-4B33640F0717}.Debug|ARM.ActiveCfg = Debug|Any CPU
		{383721A4-4717-4CDE-A7A5-4B33640F0717}.Debug|ARM.Build.0 = Debug|Any CPU
		{383721A4-4717-4CDE-A7A5-4B33640F0717}.Debug|ARM64.ActiveCfg = Debug|Any CPU
		{383721A4-4717-4CDE-A7A5-4B33640F0717}.Debug|ARM64.Build.0 = Debug|Any CPU
		{383721A4-4717-4CDE-A7A5-4B33640F0717}.Debug|x64.ActiveCfg = Debug|Any CPU
		{383721A4-4717-4CDE-A7A5-4B33640F0717}.Debug|x64.Build.0 = Debug|Any CPU
		{383721A4-4717-4CDE-A7A5-4B33640F0717}.Debug|x86.ActiveCfg = Debug|Any CPU
		{383721A4-4717-4CDE-A7A5-4B33640F0717}.Debug|x86.Build.0 = Debug|Any CPU
		{383721A4-4717-4CDE-A7A5-4B33640F0717}.Release|Any CPU.ActiveCfg = Release|Any CPU
		{383721A4-4717-4CDE-A7A5-4B33640F0717}.Release|Any CPU.Build.0 = Release|Any CPU
		{383721A4-4717-4CDE-A7A5-4B33640F0717}.Release|ARM.ActiveCfg = Release|Any CPU
		{383721A4-4717-4CDE-A7A5-4B33640F0717}.Release|ARM.Build.0 = Release|Any CPU
		{383721A4-4717-4CDE-A7A5-4B33640F0717}.Release|ARM64.ActiveCfg = Release|Any CPU
		{383721A4-4717-4CDE-A7A5-4B33640F0717}.Release|ARM64.Build.0 = Release|Any CPU
		{383721A4-4717-4CDE-A7A5-4B33640F0717}.Release|x64.ActiveCfg = Release|Any CPU
		{383721A4-4717-4CDE-A7A5-4B33640F0717}.Release|x64.Build.0 = Release|Any CPU
		{383721A4-4717-4CDE-A7A5-4B33640F0717}.Release|x86.ActiveCfg = Release|Any CPU
		{383721A4-4717-4CDE-A7A5-4B33640F0717}.Release|x86.Build.0 = Release|Any CPU
	EndGlobalSection
	GlobalSection(SolutionProperties) = preSolution
		HideSolutionNode = FALSE
	EndGlobalSection
	GlobalSection(ExtensibilityGlobals) = postSolution
		SolutionGuid = {A8E16452-CC7B-417E-9FE4-47D8F813D585}
	EndGlobalSection
EndGlobal
